
Microsoft Visual Studio Solution File, Format Version 12.00
# Visual Studio Version 16
VisualStudioVersion = 16.0.31410.357
MinimumVisualStudioVersion = 10.0.40219.1
Project("{8BC9CEB8-8B4A-11D0-8D11-00A0C91BC942}") = "Double_Ended_Queue", "Double_Ended_Queue.vcxproj", "{9EEA068F-CA40-4846-A5D5-1D215BEDB41A}"
EndProject
Global
	GlobalSection(SolutionConfigurationPlatforms) = preSolution
		Debug|x64 = Debug|x64
		Debug|x86 = Debug|x86
		Release|x64 = Release|x64
		Release|x86 = Release|x86
	EndGlobalSection
	GlobalSection(ProjectConfigurationPlatforms) = postSolution
		{9EEA068F-CA40-4846-A5D5-1D215BEDB41A}.Debug|x64.ActiveCfg = Debug|x64
		{9EEA068F-CA40-4846-A5D5-1D215BEDB41A}.Debug|x64.Build.0 = Debug|x64
		{9EEA068F-CA40-4846-A5D5-1D215BEDB41A}.Debug|x86.ActiveCfg = Debug|Win32
		{9EEA068F-CA40-4846-A5D5-1D215BEDB41A}.Debug|x86.Build.0 = Debug|Win32
		{9EEA068F-CA40-4846-A5D5-1D215BEDB41A}.Release|x64.ActiveCfg = Release|x64
		{9EEA068F-CA40-4846-A5D5-1D215BEDB41A}.Release|x64.Build.0 = Release|x64
		{9EEA068F-CA40-4846-A5D5-1D215BEDB41A}.Release|x86.ActiveCfg = Release|Win32
		{9EEA068F-CA40-4846-A5D5-1D215BEDB41A}.Release|x86.Build.0 = Release|Win32
	EndGlobalSection
	GlobalSection(SolutionProperties) = preSolution
		HideSolutionNode = FALSE
	EndGlobalSection
	GlobalSection(ExtensibilityGlobals) = postSolution
		SolutionGuid = {EDB062EA-FFAA-4A73-8F02-EBF893C68534}
	EndGlobalSection
EndGlobal
